
Microsoft Visual Studio Solution File, Format Version 12.00
# Visual Studio Version 17
VisualStudioVersion = 17.5.2.0
MinimumVisualStudioVersion = 10.0.40219.1
Project("{2150E333-8FDC-42A3-9474-1A3956D46DE8}") = "exercicis", "exercicis", "{B458C918-99C9-3C5B-4733-12801E6B4202}"
EndProject
Project("{FAE04EC0-301F-11D3-BF4B-00C04F79EFBC}") = "exercici1", "exercicis\exercici1\exercici1.csproj", "{9F3E1CF5-0C51-EA7F-28D0-8D554C242207}"
EndProject
Project("{FAE04EC0-301F-11D3-BF4B-00C04F79EFBC}") = "exercici2", "exercicis\exercici2\exercici2.csproj", "{E11AA1B7-0B59-4608-B133-3E6317261E42}"
EndProject
Project("{FAE04EC0-301F-11D3-BF4B-00C04F79EFBC}") = "exercici3", "exercicis\exercici3\exercici3.csproj", "{CB443116-BB9D-4AEA-9404-CA5B80CF8B44}"
EndProject
Project("{FAE04EC0-301F-11D3-BF4B-00C04F79EFBC}") = "exercici4", "exercicis\exercici4\exercici4.csproj", "{B7313DC5-69EC-4BE8-8919-5A81AE7074EB}"
EndProject
Project("{FAE04EC0-301F-11D3-BF4B-00C04F79EFBC}") = "exercici5", "exercicis\exercici5\exercici5.csproj", "{E21BAE19-85AF-47B0-B631-2ABAF30D990A}"
EndProject
Project("{FAE04EC0-301F-11D3-BF4B-00C04F79EFBC}") = "exercici6", "exercicis\exercici6\exercici6.csproj", "{1AFF2C90-DABE-439D-B395-A44BFCB7AC1E}"
EndProject
Project("{FAE04EC0-301F-11D3-BF4B-00C04F79EFBC}") = "exercici7", "exercicis\exercici7\exercici7.csproj", "{73AE7752-983B-4DF3-8926-6FC1A7CF1549}"
EndProject
Project("{FAE04EC0-301F-11D3-BF4B-00C04F79EFBC}") = "exercici8", "exercicis\exercici8\exercici8.csproj", "{E520C220-1427-4C35-A96E-B710A6F26465}"
EndProject
Project("{FAE04EC0-301F-11D3-BF4B-00C04F79EFBC}") = "exercici12", "exercicis\exercici12\exercici12.csproj", "{E8E1A85F-DBB4-4072-B4B9-13B360142F74}"
EndProject
Project("{FAE04EC0-301F-11D3-BF4B-00C04F79EFBC}") = "exercici13", "exercicis\exercici13\exercici13.csproj", "{3170724F-1B32-48D9-9FFA-FC75E16D9B8B}"
EndProject
Project("{FAE04EC0-301F-11D3-BF4B-00C04F79EFBC}") = "exercici14", "exercicis\exercici14\exercici14.csproj", "{A1767D9A-D624-4775-A316-D0395410E087}"
EndProject
Project("{FAE04EC0-301F-11D3-BF4B-00C04F79EFBC}") = "exercici15", "exercicis\exercici15\exercici15.csproj", "{5CFAD698-3731-4D2F-8322-D607EC6B140C}"
EndProject
Project("{FAE04EC0-301F-11D3-BF4B-00C04F79EFBC}") = "exercici16", "exercicis\exercici16\exercici16.csproj", "{B38E007C-440E-40C6-9F0F-E1489F7FA5C8}"
EndProject
Project("{FAE04EC0-301F-11D3-BF4B-00C04F79EFBC}") = "exercici17", "exercicis\exercici17\exercici17.csproj", "{D305CBB2-EA13-4392-B293-A693C1690B85}"
EndProject
Project("{FAE04EC0-301F-11D3-BF4B-00C04F79EFBC}") = "exercici18", "exercicis\exercici18\exercici18.csproj", "{8A866EC2-7AE9-4298-94EB-EDDE7F0CC788}"
EndProject
Project("{FAE04EC0-301F-11D3-BF4B-00C04F79EFBC}") = "exercici19", "exercicis\exercici19\exercici19.csproj", "{437EB1F2-150A-4C41-95AF-DA04E7CE367F}"
EndProject
Project("{FAE04EC0-301F-11D3-BF4B-00C04F79EFBC}") = "exercici20", "exercicis\exercici20\exercici20.csproj", "{963928E1-E878-43EF-9337-293AC35FA30F}"
EndProject
Project("{FAE04EC0-301F-11D3-BF4B-00C04F79EFBC}") = "exercici9", "exercicis\exercici9\exercici9.csproj", "{492EAA24-76BD-4886-B93A-0DDA855C5797}"
EndProject
Project("{FAE04EC0-301F-11D3-BF4B-00C04F79EFBC}") = "exercici10", "exercicis\exercici10\exercici10.csproj", "{8B4DD60F-F22A-44CE-A39C-3C8A9DE09418}"
EndProject
Project("{FAE04EC0-301F-11D3-BF4B-00C04F79EFBC}") = "exercici11", "exercicis\exercici11\exercici11.csproj", "{8527AACA-3108-4FD5-90B1-90308F80DF9D}"
EndProject
Global
	GlobalSection(SolutionConfigurationPlatforms) = preSolution
		Debug|Any CPU = Debug|Any CPU
		Debug|x64 = Debug|x64
		Debug|x86 = Debug|x86
		Release|Any CPU = Release|Any CPU
		Release|x64 = Release|x64
		Release|x86 = Release|x86
	EndGlobalSection
	GlobalSection(ProjectConfigurationPlatforms) = postSolution
		{9F3E1CF5-0C51-EA7F-28D0-8D554C242207}.Debug|Any CPU.ActiveCfg = Debug|Any CPU
		{9F3E1CF5-0C51-EA7F-28D0-8D554C242207}.Debug|Any CPU.Build.0 = Debug|Any CPU
		{9F3E1CF5-0C51-EA7F-28D0-8D554C242207}.Debug|x64.ActiveCfg = Debug|Any CPU
		{9F3E1CF5-0C51-EA7F-28D0-8D554C242207}.Debug|x64.Build.0 = Debug|Any CPU
		{9F3E1CF5-0C51-EA7F-28D0-8D554C242207}.Debug|x86.ActiveCfg = Debug|Any CPU
		{9F3E1CF5-0C51-EA7F-28D0-8D554C242207}.Debug|x86.Build.0 = Debug|Any CPU
		{9F3E1CF5-0C51-EA7F-28D0-8D554C242207}.Release|Any CPU.ActiveCfg = Release|Any CPU
		{9F3E1CF5-0C51-EA7F-28D0-8D554C242207}.Release|Any CPU.Build.0 = Release|Any CPU
		{9F3E1CF5-0C51-EA7F-28D0-8D554C242207}.Release|x64.ActiveCfg = Release|Any CPU
		{9F3E1CF5-0C51-EA7F-28D0-8D554C242207}.Release|x64.Build.0 = Release|Any CPU
		{9F3E1CF5-0C51-EA7F-28D0-8D554C242207}.Release|x86.ActiveCfg = Release|Any CPU
		{9F3E1CF5-0C51-EA7F-28D0-8D554C242207}.Release|x86.Build.0 = Release|Any CPU
		{E11AA1B7-0B59-4608-B133-3E6317261E42}.Debug|Any CPU.ActiveCfg = Debug|Any CPU
		{E11AA1B7-0B59-4608-B133-3E6317261E42}.Debug|Any CPU.Build.0 = Debug|Any CPU
		{E11AA1B7-0B59-4608-B133-3E6317261E42}.Debug|x64.ActiveCfg = Debug|Any CPU
		{E11AA1B7-0B59-4608-B133-3E6317261E42}.Debug|x64.Build.0 = Debug|Any CPU
		{E11AA1B7-0B59-4608-B133-3E6317261E42}.Debug|x86.ActiveCfg = Debug|Any CPU
		{E11AA1B7-0B59-4608-B133-3E6317261E42}.Debug|x86.Build.0 = Debug|Any CPU
		{E11AA1B7-0B59-4608-B133-3E6317261E42}.Release|Any CPU.ActiveCfg = Release|Any CPU
		{E11AA1B7-0B59-4608-B133-3E6317261E42}.Release|Any CPU.Build.0 = Release|Any CPU
		{E11AA1B7-0B59-4608-B133-3E6317261E42}.Release|x64.ActiveCfg = Release|Any CPU
		{E11AA1B7-0B59-4608-B133-3E6317261E42}.Release|x64.Build.0 = Release|Any CPU
		{E11AA1B7-0B59-4608-B133-3E6317261E42}.Release|x86.ActiveCfg = Release|Any CPU
		{E11AA1B7-0B59-4608-B133-3E6317261E42}.Release|x86.Build.0 = Release|Any CPU
		{CB443116-BB9D-4AEA-9404-CA5B80CF8B44}.Debug|Any CPU.ActiveCfg = Debug|Any CPU
		{CB443116-BB9D-4AEA-9404-CA5B80CF8B44}.Debug|Any CPU.Build.0 = Debug|Any CPU
		{CB443116-BB9D-4AEA-9404-CA5B80CF8B44}.Debug|x64.ActiveCfg = Debug|Any CPU
		{CB443116-BB9D-4AEA-9404-CA5B80CF8B44}.Debug|x64.Build.0 = Debug|Any CPU
		{CB443116-BB9D-4AEA-9404-CA5B80CF8B44}.Debug|x86.ActiveCfg = Debug|Any CPU
		{CB443116-BB9D-4AEA-9404-CA5B80CF8B44}.Debug|x86.Build.0 = Debug|Any CPU
		{CB443116-BB9D-4AEA-9404-CA5B80CF8B44}.Release|Any CPU.ActiveCfg = Release|Any CPU
		{CB443116-BB9D-4AEA-9404-CA5B80CF8B44}.Release|Any CPU.Build.0 = Release|Any CPU
		{CB443116-BB9D-4AEA-9404-CA5B80CF8B44}.Release|x64.ActiveCfg = Release|Any CPU
		{CB443116-BB9D-4AEA-9404-CA5B80CF8B44}.Release|x64.Build.0 = Release|Any CPU
		{CB443116-BB9D-4AEA-9404-CA5B80CF8B44}.Release|x86.ActiveCfg = Release|Any CPU
		{CB443116-BB9D-4AEA-9404-CA5B80CF8B44}.Release|x86.Build.0 = Release|Any CPU
		{B7313DC5-69EC-4BE8-8919-5A81AE7074EB}.Debug|Any CPU.ActiveCfg = Debug|Any CPU
		{B7313DC5-69EC-4BE8-8919-5A81AE7074EB}.Debug|Any CPU.Build.0 = Debug|Any CPU
		{B7313DC5-69EC-4BE8-8919-5A81AE7074EB}.Debug|x64.ActiveCfg = Debug|Any CPU
		{B7313DC5-69EC-4BE8-8919-5A81AE7074EB}.Debug|x64.Build.0 = Debug|Any CPU
		{B7313DC5-69EC-4BE8-8919-5A81AE7074EB}.Debug|x86.ActiveCfg = Debug|Any CPU
		{B7313DC5-69EC-4BE8-8919-5A81AE7074EB}.Debug|x86.Build.0 = Debug|Any CPU
		{B7313DC5-69EC-4BE8-8919-5A81AE7074EB}.Release|Any CPU.ActiveCfg = Release|Any CPU
		{B7313DC5-69EC-4BE8-8919-5A81AE7074EB}.Release|Any CPU.Build.0 = Release|Any CPU
		{B7313DC5-69EC-4BE8-8919-5A81AE7074EB}.Release|x64.ActiveCfg = Release|Any CPU
		{B7313DC5-69EC-4BE8-8919-5A81AE7074EB}.Release|x64.Build.0 = Release|Any CPU
		{B7313DC5-69EC-4BE8-8919-5A81AE7074EB}.Release|x86.ActiveCfg = Release|Any CPU
		{B7313DC5-69EC-4BE8-8919-5A81AE7074EB}.Release|x86.Build.0 = Release|Any CPU
		{E21BAE19-85AF-47B0-B631-2ABAF30D990A}.Debug|Any CPU.ActiveCfg = Debug|Any CPU
		{E21BAE19-85AF-47B0-B631-2ABAF30D990A}.Debug|Any CPU.Build.0 = Debug|Any CPU
		{E21BAE19-85AF-47B0-B631-2ABAF30D990A}.Debug|x64.ActiveCfg = Debug|Any CPU
		{E21BAE19-85AF-47B0-B631-2ABAF30D990A}.Debug|x64.Build.0 = Debug|Any CPU
		{E21BAE19-85AF-47B0-B631-2ABAF30D990A}.Debug|x86.ActiveCfg = Debug|Any CPU
		{E21BAE19-85AF-47B0-B631-2ABAF30D990A}.Debug|x86.Build.0 = Debug|Any CPU
		{E21BAE19-85AF-47B0-B631-2ABAF30D990A}.Release|Any CPU.ActiveCfg = Release|Any CPU
		{E21BAE19-85AF-47B0-B631-2ABAF30D990A}.Release|Any CPU.Build.0 = Release|Any CPU
		{E21BAE19-85AF-47B0-B631-2ABAF30D990A}.Release|x64.ActiveCfg = Release|Any CPU
		{E21BAE19-85AF-47B0-B631-2ABAF30D990A}.Release|x64.Build.0 = Release|Any CPU
		{E21BAE19-85AF-47B0-B631-2ABAF30D990A}.Release|x86.ActiveCfg = Release|Any CPU
		{E21BAE19-85AF-47B0-B631-2ABAF30D990A}.Release|x86.Build.0 = Release|Any CPU
		{1AFF2C90-DABE-439D-B395-A44BFCB7AC1E}.Debug|Any CPU.ActiveCfg = Debug|Any CPU
		{1AFF2C90-DABE-439D-B395-A44BFCB7AC1E}.Debug|Any CPU.Build.0 = Debug|Any CPU
		{1AFF2C90-DABE-439D-B395-A44BFCB7AC1E}.Debug|x64.ActiveCfg = Debug|Any CPU
		{1AFF2C90-DABE-439D-B395-A44BFCB7AC1E}.Debug|x64.Build.0 = Debug|Any CPU
		{1AFF2C90-DABE-439D-B395-A44BFCB7AC1E}.Debug|x86.ActiveCfg = Debug|Any CPU
		{1AFF2C90-DABE-439D-B395-A44BFCB7AC1E}.Debug|x86.Build.0 = Debug|Any CPU
		{1AFF2C90-DABE-439D-B395-A44BFCB7AC1E}.Release|Any CPU.ActiveCfg = Release|Any CPU
		{1AFF2C90-DABE-439D-B395-A44BFCB7AC1E}.Release|Any CPU.Build.0 = Release|Any CPU
		{1AFF2C90-DABE-439D-B395-A44BFCB7AC1E}.Release|x64.ActiveCfg = Release|Any CPU
		{1AFF2C90-DABE-439D-B395-A44BFCB7AC1E}.Release|x64.Build.0 = Release|Any CPU
		{1AFF2C90-DABE-439D-B395-A44BFCB7AC1E}.Release|x86.ActiveCfg = Release|Any CPU
		{1AFF2C90-DABE-439D-B395-A44BFCB7AC1E}.Release|x86.Build.0 = Release|Any CPU
		{73AE7752-983B-4DF3-8926-6FC1A7CF1549}.Debug|Any CPU.ActiveCfg = Debug|Any CPU
		{73AE7752-983B-4DF3-8926-6FC1A7CF1549}.Debug|Any CPU.Build.0 = Debug|Any CPU
		{73AE7752-983B-4DF3-8926-6FC1A7CF1549}.Debug|x64.ActiveCfg = Debug|Any CPU
		{73AE7752-983B-4DF3-8926-6FC1A7CF1549}.Debug|x64.Build.0 = Debug|Any CPU
		{73AE7752-983B-4DF3-8926-6FC1A7CF1549}.Debug|x86.ActiveCfg = Debug|Any CPU
		{73AE7752-983B-4DF3-8926-6FC1A7CF1549}.Debug|x86.Build.0 = Debug|Any CPU
		{73AE7752-983B-4DF3-8926-6FC1A7CF1549}.Release|Any CPU.ActiveCfg = Release|Any CPU
		{73AE7752-983B-4DF3-8926-6FC1A7CF1549}.Release|Any CPU.Build.0 = Release|Any CPU
		{73AE7752-983B-4DF3-8926-6FC1A7CF1549}.Release|x64.ActiveCfg = Release|Any CPU
		{73AE7752-983B-4DF3-8926-6FC1A7CF1549}.Release|x64.Build.0 = Release|Any CPU
		{73AE7752-983B-4DF3-8926-6FC1A7CF1549}.Release|x86.ActiveCfg = Release|Any CPU
		{73AE7752-983B-4DF3-8926-6FC1A7CF1549}.Release|x86.Build.0 = Release|Any CPU
		{E520C220-1427-4C35-A96E-B710A6F26465}.Debug|Any CPU.ActiveCfg = Debug|Any CPU
		{E520C220-1427-4C35-A96E-B710A6F26465}.Debug|Any CPU.Build.0 = Debug|Any CPU
		{E520C220-1427-4C35-A96E-B710A6F26465}.Debug|x64.ActiveCfg = Debug|Any CPU
		{E520C220-1427-4C35-A96E-B710A6F26465}.Debug|x64.Build.0 = Debug|Any CPU
		{E520C220-1427-4C35-A96E-B710A6F26465}.Debug|x86.ActiveCfg = Debug|Any CPU
		{E520C220-1427-4C35-A96E-B710A6F26465}.Debug|x86.Build.0 = Debug|Any CPU
		{E520C220-1427-4C35-A96E-B710A6F26465}.Release|Any CPU.ActiveCfg = Release|Any CPU
		{E520C220-1427-4C35-A96E-B710A6F26465}.Release|Any CPU.Build.0 = Release|Any CPU
		{E520C220-1427-4C35-A96E-B710A6F26465}.Release|x64.ActiveCfg = Release|Any CPU
		{E520C220-1427-4C35-A96E-B710A6F26465}.Release|x64.Build.0 = Release|Any CPU
		{E520C220-1427-4C35-A96E-B710A6F26465}.Release|x86.ActiveCfg = Release|Any CPU
		{E520C220-1427-4C35-A96E-B710A6F26465}.Release|x86.Build.0 = Release|Any CPU
		{E8E1A85F-DBB4-4072-B4B9-13B360142F74}.Debug|Any CPU.ActiveCfg = Debug|Any CPU
		{E8E1A85F-DBB4-4072-B4B9-13B360142F74}.Debug|Any CPU.Build.0 = Debug|Any CPU
		{E8E1A85F-DBB4-4072-B4B9-13B360142F74}.Debug|x64.ActiveCfg = Debug|Any CPU
		{E8E1A85F-DBB4-4072-B4B9-13B360142F74}.Debug|x64.Build.0 = Debug|Any CPU
		{E8E1A85F-DBB4-4072-B4B9-13B360142F74}.Debug|x86.ActiveCfg = Debug|Any CPU
		{E8E1A85F-DBB4-4072-B4B9-13B360142F74}.Debug|x86.Build.0 = Debug|Any CPU
		{E8E1A85F-DBB4-4072-B4B9-13B360142F74}.Release|Any CPU.ActiveCfg = Release|Any CPU
		{E8E1A85F-DBB4-4072-B4B9-13B360142F74}.Release|Any CPU.Build.0 = Release|Any CPU
		{E8E1A85F-DBB4-4072-B4B9-13B360142F74}.Release|x64.ActiveCfg = Release|Any CPU
		{E8E1A85F-DBB4-4072-B4B9-13B360142F74}.Release|x64.Build.0 = Release|Any CPU
		{E8E1A85F-DBB4-4072-B4B9-13B360142F74}.Release|x86.ActiveCfg = Release|Any CPU
		{E8E1A85F-DBB4-4072-B4B9-13B360142F74}.Release|x86.Build.0 = Release|Any CPU
		{3170724F-1B32-48D9-9FFA-FC75E16D9B8B}.Debug|Any CPU.ActiveCfg = Debug|Any CPU
		{3170724F-1B32-48D9-9FFA-FC75E16D9B8B}.Debug|Any CPU.Build.0 = Debug|Any CPU
		{3170724F-1B32-48D9-9FFA-FC75E16D9B8B}.Debug|x64.ActiveCfg = Debug|Any CPU
		{3170724F-1B32-48D9-9FFA-FC75E16D9B8B}.Debug|x64.Build.0 = Debug|Any CPU
		{3170724F-1B32-48D9-9FFA-FC75E16D9B8B}.Debug|x86.ActiveCfg = Debug|Any CPU
		{3170724F-1B32-48D9-9FFA-FC75E16D9B8B}.Debug|x86.Build.0 = Debug|Any CPU
		{3170724F-1B32-48D9-9FFA-FC75E16D9B8B}.Release|Any CPU.ActiveCfg = Release|Any CPU
		{3170724F-1B32-48D9-9FFA-FC75E16D9B8B}.Release|Any CPU.Build.0 = Release|Any CPU
		{3170724F-1B32-48D9-9FFA-FC75E16D9B8B}.Release|x64.ActiveCfg = Release|Any CPU
		{3170724F-1B32-48D9-9FFA-FC75E16D9B8B}.Release|x64.Build.0 = Release|Any CPU
		{3170724F-1B32-48D9-9FFA-FC75E16D9B8B}.Release|x86.ActiveCfg = Release|Any CPU
		{3170724F-1B32-48D9-9FFA-FC75E16D9B8B}.Release|x86.Build.0 = Release|Any CPU
		{A1767D9A-D624-4775-A316-D0395410E087}.Debug|Any CPU.ActiveCfg = Debug|Any CPU
		{A1767D9A-D624-4775-A316-D0395410E087}.Debug|Any CPU.Build.0 = Debug|Any CPU
		{A1767D9A-D624-4775-A316-D0395410E087}.Debug|x64.ActiveCfg = Debug|Any CPU
		{A1767D9A-D624-4775-A316-D0395410E087}.Debug|x64.Build.0 = Debug|Any CPU
		{A1767D9A-D624-4775-A316-D0395410E087}.Debug|x86.ActiveCfg = Debug|Any CPU
		{A1767D9A-D624-4775-A316-D0395410E087}.Debug|x86.Build.0 = Debug|Any CPU
		{A1767D9A-D624-4775-A316-D0395410E087}.Release|Any CPU.ActiveCfg = Release|Any CPU
		{A1767D9A-D624-4775-A316-D0395410E087}.Release|Any CPU.Build.0 = Release|Any CPU
		{A1767D9A-D624-4775-A316-D0395410E087}.Release|x64.ActiveCfg = Release|Any CPU
		{A1767D9A-D624-4775-A316-D0395410E087}.Release|x64.Build.0 = Release|Any CPU
		{A1767D9A-D624-4775-A316-D0395410E087}.Release|x86.ActiveCfg = Release|Any CPU
		{A1767D9A-D624-4775-A316-D0395410E087}.Release|x86.Build.0 = Release|Any CPU
		{5CFAD698-3731-4D2F-8322-D607EC6B140C}.Debug|Any CPU.ActiveCfg = Debug|Any CPU
		{5CFAD698-3731-4D2F-8322-D607EC6B140C}.Debug|Any CPU.Build.0 = Debug|Any CPU
		{5CFAD698-3731-4D2F-8322-D607EC6B140C}.Debug|x64.ActiveCfg = Debug|Any CPU
		{5CFAD698-3731-4D2F-8322-D607EC6B140C}.Debug|x64.Build.0 = Debug|Any CPU
		{5CFAD698-3731-4D2F-8322-D607EC6B140C}.Debug|x86.ActiveCfg = Debug|Any CPU
		{5CFAD698-3731-4D2F-8322-D607EC6B140C}.Debug|x86.Build.0 = Debug|Any CPU
		{5CFAD698-3731-4D2F-8322-D607EC6B140C}.Release|Any CPU.ActiveCfg = Release|Any CPU
		{5CFAD698-3731-4D2F-8322-D607EC6B140C}.Release|Any CPU.Build.0 = Release|Any CPU
		{5CFAD698-3731-4D2F-8322-D607EC6B140C}.Release|x64.ActiveCfg = Release|Any CPU
		{5CFAD698-3731-4D2F-8322-D607EC6B140C}.Release|x64.Build.0 = Release|Any CPU
		{5CFAD698-3731-4D2F-8322-D607EC6B140C}.Release|x86.ActiveCfg = Release|Any CPU
		{5CFAD698-3731-4D2F-8322-D607EC6B140C}.Release|x86.Build.0 = Release|Any CPU
		{B38E007C-440E-40C6-9F0F-E1489F7FA5C8}.Debug|Any CPU.ActiveCfg = Debug|Any CPU
		{B38E007C-440E-40C6-9F0F-E1489F7FA5C8}.Debug|Any CPU.Build.0 = Debug|Any CPU
		{B38E007C-440E-40C6-9F0F-E1489F7FA5C8}.Debug|x64.ActiveCfg = Debug|Any CPU
		{B38E007C-440E-40C6-9F0F-E1489F7FA5C8}.Debug|x64.Build.0 = Debug|Any CPU
		{B38E007C-440E-40C6-9F0F-E1489F7FA5C8}.Debug|x86.ActiveCfg = Debug|Any CPU
		{B38E007C-440E-40C6-9F0F-E1489F7FA5C8}.Debug|x86.Build.0 = Debug|Any CPU
		{B38E007C-440E-40C6-9F0F-E1489F7FA5C8}.Release|Any CPU.ActiveCfg = Release|Any CPU
		{B38E007C-440E-40C6-9F0F-E1489F7FA5C8}.Release|Any CPU.Build.0 = Release|Any CPU
		{B38E007C-440E-40C6-9F0F-E1489F7FA5C8}.Release|x64.ActiveCfg = Release|Any CPU
		{B38E007C-440E-40C6-9F0F-E1489F7FA5C8}.Release|x64.Build.0 = Release|Any CPU
		{B38E007C-440E-40C6-9F0F-E1489F7FA5C8}.Release|x86.ActiveCfg = Release|Any CPU
		{B38E007C-440E-40C6-9F0F-E1489F7FA5C8}.Release|x86.Build.0 = Release|Any CPU
		{D305CBB2-EA13-4392-B293-A693C1690B85}.Debug|Any CPU.ActiveCfg = Debug|Any CPU
		{D305CBB2-EA13-4392-B293-A693C1690B85}.Debug|Any CPU.Build.0 = Debug|Any CPU
		{D305CBB2-EA13-4392-B293-A693C1690B85}.Debug|x64.ActiveCfg = Debug|Any CPU
		{D305CBB2-EA13-4392-B293-A693C1690B85}.Debug|x64.Build.0 = Debug|Any CPU
		{D305CBB2-EA13-4392-B293-A693C1690B85}.Debug|x86.ActiveCfg = Debug|Any CPU
		{D305CBB2-EA13-4392-B293-A693C1690B85}.Debug|x86.Build.0 = Debug|Any CPU
		{D305CBB2-EA13-4392-B293-A693C1690B85}.Release|Any CPU.ActiveCfg = Release|Any CPU
		{D305CBB2-EA13-4392-B293-A693C1690B85}.Release|Any CPU.Build.0 = Release|Any CPU
		{D305CBB2-EA13-4392-B293-A693C1690B85}.Release|x64.ActiveCfg = Release|Any CPU
		{D305CBB2-EA13-4392-B293-A693C1690B85}.Release|x64.Build.0 = Release|Any CPU
		{D305CBB2-EA13-4392-B293-A693C1690B85}.Release|x86.ActiveCfg = Release|Any CPU
		{D305CBB2-EA13-4392-B293-A693C1690B85}.Release|x86.Build.0 = Release|Any CPU
		{8A866EC2-7AE9-4298-94EB-EDDE7F0CC788}.Debug|Any CPU.ActiveCfg = Debug|Any CPU
		{8A866EC2-7AE9-4298-94EB-EDDE7F0CC788}.Debug|Any CPU.Build.0 = Debug|Any CPU
		{8A866EC2-7AE9-4298-94EB-EDDE7F0CC788}.Debug|x64.ActiveCfg = Debug|Any CPU
		{8A866EC2-7AE9-4298-94EB-EDDE7F0CC788}.Debug|x64.Build.0 = Debug|Any CPU
		{8A866EC2-7AE9-4298-94EB-EDDE7F0CC788}.Debug|x86.ActiveCfg = Debug|Any CPU
		{8A866EC2-7AE9-4298-94EB-EDDE7F0CC788}.Debug|x86.Build.0 = Debug|Any CPU
		{8A866EC2-7AE9-4298-94EB-EDDE7F0CC788}.Release|Any CPU.ActiveCfg = Release|Any CPU
		{8A866EC2-7AE9-4298-94EB-EDDE7F0CC788}.Release|Any CPU.Build.0 = Release|Any CPU
		{8A866EC2-7AE9-4298-94EB-EDDE7F0CC788}.Release|x64.ActiveCfg = Release|Any CPU
		{8A866EC2-7AE9-4298-94EB-EDDE7F0CC788}.Release|x64.Build.0 = Release|Any CPU
		{8A866EC2-7AE9-4298-94EB-EDDE7F0CC788}.Release|x86.ActiveCfg = Release|Any CPU
		{8A866EC2-7AE9-4298-94EB-EDDE7F0CC788}.Release|x86.Build.0 = Release|Any CPU
		{437EB1F2-150A-4C41-95AF-DA04E7CE367F}.Debug|Any CPU.ActiveCfg = Debug|Any CPU
		{437EB1F2-150A-4C41-95AF-DA04E7CE367F}.Debug|Any CPU.Build.0 = Debug|Any CPU
		{437EB1F2-150A-4C41-95AF-DA04E7CE367F}.Debug|x64.ActiveCfg = Debug|Any CPU
		{437EB1F2-150A-4C41-95AF-DA04E7CE367F}.Debug|x64.Build.0 = Debug|Any CPU
		{437EB1F2-150A-4C41-95AF-DA04E7CE367F}.Debug|x86.ActiveCfg = Debug|Any CPU
		{437EB1F2-150A-4C41-95AF-DA04E7CE367F}.Debug|x86.Build.0 = Debug|Any CPU
		{437EB1F2-150A-4C41-95AF-DA04E7CE367F}.Release|Any CPU.ActiveCfg = Release|Any CPU
		{437EB1F2-150A-4C41-95AF-DA04E7CE367F}.Release|Any CPU.Build.0 = Release|Any CPU
		{437EB1F2-150A-4C41-95AF-DA04E7CE367F}.Release|x64.ActiveCfg = Release|Any CPU
		{437EB1F2-150A-4C41-95AF-DA04E7CE367F}.Release|x64.Build.0 = Release|Any CPU
		{437EB1F2-150A-4C41-95AF-DA04E7CE367F}.Release|x86.ActiveCfg = Release|Any CPU
		{437EB1F2-150A-4C41-95AF-DA04E7CE367F}.Release|x86.Build.0 = Release|Any CPU
		{963928E1-E878-43EF-9337-293AC35FA30F}.Debug|Any CPU.ActiveCfg = Debug|Any CPU
		{963928E1-E878-43EF-9337-293AC35FA30F}.Debug|Any CPU.Build.0 = Debug|Any CPU
		{963928E1-E878-43EF-9337-293AC35FA30F}.Debug|x64.ActiveCfg = Debug|Any CPU
		{963928E1-E878-43EF-9337-293AC35FA30F}.Debug|x64.Build.0 = Debug|Any CPU
		{963928E1-E878-43EF-9337-293AC35FA30F}.Debug|x86.ActiveCfg = Debug|Any CPU
		{963928E1-E878-43EF-9337-293AC35FA30F}.Debug|x86.Build.0 = Debug|Any CPU
		{963928E1-E878-43EF-9337-293AC35FA30F}.Release|Any CPU.ActiveCfg = Release|Any CPU
		{963928E1-E878-43EF-9337-293AC35FA30F}.Release|Any CPU.Build.0 = Release|Any CPU
		{963928E1-E878-43EF-9337-293AC35FA30F}.Release|x64.ActiveCfg = Release|Any CPU
		{963928E1-E878-43EF-9337-293AC35FA30F}.Release|x64.Build.0 = Release|Any CPU
		{963928E1-E878-43EF-9337-293AC35FA30F}.Release|x86.ActiveCfg = Release|Any CPU
		{963928E1-E878-43EF-9337-293AC35FA30F}.Release|x86.Build.0 = Release|Any CPU
		{492EAA24-76BD-4886-B93A-0DDA855C5797}.Debug|Any CPU.ActiveCfg = Debug|Any CPU
		{492EAA24-76BD-4886-B93A-0DDA855C5797}.Debug|Any CPU.Build.0 = Debug|Any CPU
		{492EAA24-76BD-4886-B93A-0DDA855C5797}.Debug|x64.ActiveCfg = Debug|Any CPU
		{492EAA24-76BD-4886-B93A-0DDA855C5797}.Debug|x64.Build.0 = Debug|Any CPU
		{492EAA24-76BD-4886-B93A-0DDA855C5797}.Debug|x86.ActiveCfg = Debug|Any CPU
		{492EAA24-76BD-4886-B93A-0DDA855C5797}.Debug|x86.Build.0 = Debug|Any CPU
		{492EAA24-76BD-4886-B93A-0DDA855C5797}.Release|Any CPU.ActiveCfg = Release|Any CPU
		{492EAA24-76BD-4886-B93A-0DDA855C5797}.Release|Any CPU.Build.0 = Release|Any CPU
		{492EAA24-76BD-4886-B93A-0DDA855C5797}.Release|x64.ActiveCfg = Release|Any CPU
		{492EAA24-76BD-4886-B93A-0DDA855C5797}.Release|x64.Build.0 = Release|Any CPU
		{492EAA24-76BD-4886-B93A-0DDA855C5797}.Release|x86.ActiveCfg = Release|Any CPU
		{492EAA24-76BD-4886-B93A-0DDA855C5797}.Release|x86.Build.0 = Release|Any CPU
		{8B4DD60F-F22A-44CE-A39C-3C8A9DE09418}.Debug|Any CPU.ActiveCfg = Debug|Any CPU
		{8B4DD60F-F22A-44CE-A39C-3C8A9DE09418}.Debug|Any CPU.Build.0 = Debug|Any CPU
		{8B4DD60F-F22A-44CE-A39C-3C8A9DE09418}.Debug|x64.ActiveCfg = Debug|Any CPU
		{8B4DD60F-F22A-44CE-A39C-3C8A9DE09418}.Debug|x64.Build.0 = Debug|Any CPU
		{8B4DD60F-F22A-44CE-A39C-3C8A9DE09418}.Debug|x86.ActiveCfg = Debug|Any CPU
		{8B4DD60F-F22A-44CE-A39C-3C8A9DE09418}.Debug|x86.Build.0 = Debug|Any CPU
		{8B4DD60F-F22A-44CE-A39C-3C8A9DE09418}.Release|Any CPU.ActiveCfg = Release|Any CPU
		{8B4DD60F-F22A-44CE-A39C-3C8A9DE09418}.Release|Any CPU.Build.0 = Release|Any CPU
		{8B4DD60F-F22A-44CE-A39C-3C8A9DE09418}.Release|x64.ActiveCfg = Release|Any CPU
		{8B4DD60F-F22A-44CE-A39C-3C8A9DE09418}.Release|x64.Build.0 = Release|Any CPU
		{8B4DD60F-F22A-44CE-A39C-3C8A9DE09418}.Release|x86.ActiveCfg = Release|Any CPU
		{8B4DD60F-F22A-44CE-A39C-3C8A9DE09418}.Release|x86.Build.0 = Release|Any CPU
		{8527AACA-3108-4FD5-90B1-90308F80DF9D}.Debug|Any CPU.ActiveCfg = Debug|Any CPU
		{8527AACA-3108-4FD5-90B1-90308F80DF9D}.Debug|Any CPU.Build.0 = Debug|Any CPU
		{8527AACA-3108-4FD5-90B1-90308F80DF9D}.Debug|x64.ActiveCfg = Debug|Any CPU
		{8527AACA-3108-4FD5-90B1-90308F80DF9D}.Debug|x64.Build.0 = Debug|Any CPU
		{8527AACA-3108-4FD5-90B1-90308F80DF9D}.Debug|x86.ActiveCfg = Debug|Any CPU
		{8527AACA-3108-4FD5-90B1-90308F80DF9D}.Debug|x86.Build.0 = Debug|Any CPU
		{8527AACA-3108-4FD5-90B1-90308F80DF9D}.Release|Any CPU.ActiveCfg = Release|Any CPU
		{8527AACA-3108-4FD5-90B1-90308F80DF9D}.Release|Any CPU.Build.0 = Release|Any CPU
		{8527AACA-3108-4FD5-90B1-90308F80DF9D}.Release|x64.ActiveCfg = Release|Any CPU
		{8527AACA-3108-4FD5-90B1-90308F80DF9D}.Release|x64.Build.0 = Release|Any CPU
		{8527AACA-3108-4FD5-90B1-90308F80DF9D}.Release|x86.ActiveCfg = Release|Any CPU
		{8527AACA-3108-4FD5-90B1-90308F80DF9D}.Release|x86.Build.0 = Release|Any CPU
	EndGlobalSection
	GlobalSection(SolutionProperties) = preSolution
		HideSolutionNode = FALSE
	EndGlobalSection
	GlobalSection(NestedProjects) = preSolution
		{9F3E1CF5-0C51-EA7F-28D0-8D554C242207} = {B458C918-99C9-3C5B-4733-12801E6B4202}
		{E11AA1B7-0B59-4608-B133-3E6317261E42} = {B458C918-99C9-3C5B-4733-12801E6B4202}
		{CB443116-BB9D-4AEA-9404-CA5B80CF8B44} = {B458C918-99C9-3C5B-4733-12801E6B4202}
		{B7313DC5-69EC-4BE8-8919-5A81AE7074EB} = {B458C918-99C9-3C5B-4733-12801E6B4202}
		{E21BAE19-85AF-47B0-B631-2ABAF30D990A} = {B458C918-99C9-3C5B-4733-12801E6B4202}
		{1AFF2C90-DABE-439D-B395-A44BFCB7AC1E} = {B458C918-99C9-3C5B-4733-12801E6B4202}
		{73AE7752-983B-4DF3-8926-6FC1A7CF1549} = {B458C918-99C9-3C5B-4733-12801E6B4202}
		{E520C220-1427-4C35-A96E-B710A6F26465} = {B458C918-99C9-3C5B-4733-12801E6B4202}
		{E8E1A85F-DBB4-4072-B4B9-13B360142F74} = {B458C918-99C9-3C5B-4733-12801E6B4202}
		{3170724F-1B32-48D9-9FFA-FC75E16D9B8B} = {B458C918-99C9-3C5B-4733-12801E6B4202}
		{A1767D9A-D624-4775-A316-D0395410E087} = {B458C918-99C9-3C5B-4733-12801E6B4202}
		{5CFAD698-3731-4D2F-8322-D607EC6B140C} = {B458C918-99C9-3C5B-4733-12801E6B4202}
		{B38E007C-440E-40C6-9F0F-E1489F7FA5C8} = {B458C918-99C9-3C5B-4733-12801E6B4202}
		{D305CBB2-EA13-4392-B293-A693C1690B85} = {B458C918-99C9-3C5B-4733-12801E6B4202}
		{8A866EC2-7AE9-4298-94EB-EDDE7F0CC788} = {B458C918-99C9-3C5B-4733-12801E6B4202}
		{437EB1F2-150A-4C41-95AF-DA04E7CE367F} = {B458C918-99C9-3C5B-4733-12801E6B4202}
		{963928E1-E878-43EF-9337-293AC35FA30F} = {B458C918-99C9-3C5B-4733-12801E6B4202}
		{492EAA24-76BD-4886-B93A-0DDA855C5797} = {B458C918-99C9-3C5B-4733-12801E6B4202}
		{8B4DD60F-F22A-44CE-A39C-3C8A9DE09418} = {B458C918-99C9-3C5B-4733-12801E6B4202}
		{8527AACA-3108-4FD5-90B1-90308F80DF9D} = {B458C918-99C9-3C5B-4733-12801E6B4202}
	EndGlobalSection
	GlobalSection(ExtensibilityGlobals) = postSolution
		SolutionGuid = {0D1FC053-6D76-4825-8140-8CBEF5FF4E02}
	EndGlobalSection
EndGlobal
